// !$*UTF8*$!
{
	archiveVersion = 1;
	classes = {
	};
	objectVersion = 50;
	objects = {

/* Begin PBXBuildFile section */
		108D292E2453589500743395 /* AppDelegate.swift in Sources */ = {isa = PBXBuildFile; fileRef = 108D292D2453589500743395 /* AppDelegate.swift */; };
		108D29322453589500743395 /* CommunityPublisherViewController.swift in Sources */ = {isa = PBXBuildFile; fileRef = 108D29312453589500743395 /* CommunityPublisherViewController.swift */; };
		108D29372453589600743395 /* Assets.xcassets in Resources */ = {isa = PBXBuildFile; fileRef = 108D29362453589600743395 /* Assets.xcassets */; };
		108D293A2453589600743395 /* LaunchScreen.storyboard in Resources */ = {isa = PBXBuildFile; fileRef = 108D29382453589600743395 /* LaunchScreen.storyboard */; };
		108D294324535A5800743395 /* InputBarAccessoryView.framework in Frameworks */ = {isa = PBXBuildFile; fileRef = 108D294224535A5800743395 /* InputBarAccessoryView.framework */; };
		108D294824535B2A00743395 /* CommunityInputBar.swift in Sources */ = {isa = PBXBuildFile; fileRef = 108D294724535B2A00743395 /* CommunityInputBar.swift */; };
		108D294D24535B6A00743395 /* Random.swift in Sources */ = {isa = PBXBuildFile; fileRef = 108D294A24535B6A00743395 /* Random.swift */; };
		108D294E24535B6A00743395 /* Lorem.swift in Sources */ = {isa = PBXBuildFile; fileRef = 108D294B24535B6A00743395 /* Lorem.swift */; };
		108D294F24535B6A00743395 /* SampleData.swift in Sources */ = {isa = PBXBuildFile; fileRef = 108D294C24535B6A00743395 /* SampleData.swift */; };
/* End PBXBuildFile section */

/* Begin PBXFileReference section */
		108D292A2453589500743395 /* TBCPublisher.app */ = {isa = PBXFileReference; explicitFileType = wrapper.application; includeInIndex = 0; path = TBCPublisher.app; sourceTree = BUILT_PRODUCTS_DIR; };
		108D292D2453589500743395 /* AppDelegate.swift */ = {isa = PBXFileReference; lastKnownFileType = sourcecode.swift; path = AppDelegate.swift; sourceTree = "<group>"; };
		108D29312453589500743395 /* CommunityPublisherViewController.swift */ = {isa = PBXFileReference; lastKnownFileType = sourcecode.swift; path = CommunityPublisherViewController.swift; sourceTree = "<group>"; };
		108D29362453589600743395 /* Assets.xcassets */ = {isa = PBXFileReference; lastKnownFileType = folder.assetcatalog; path = Assets.xcassets; sourceTree = "<group>"; };
		108D29392453589600743395 /* Base */ = {isa = PBXFileReference; lastKnownFileType = file.storyboard; name = Base; path = Base.lproj/LaunchScreen.storyboard; sourceTree = "<group>"; };
		108D293B2453589600743395 /* Info.plist */ = {isa = PBXFileReference; lastKnownFileType = text.plist.xml; path = Info.plist; sourceTree = "<group>"; };
		108D294224535A5800743395 /* InputBarAccessoryView.framework */ = {isa = PBXFileReference; lastKnownFileType = wrapper.framework; name = InputBarAccessoryView.framework; path = Carthage/Build/iOS/InputBarAccessoryView.framework; sourceTree = "<group>"; };
		108D294724535B2A00743395 /* CommunityInputBar.swift */ = {isa = PBXFileReference; fileEncoding = 4; lastKnownFileType = sourcecode.swift; path = CommunityInputBar.swift; sourceTree = "<group>"; };
		108D294A24535B6A00743395 /* Random.swift */ = {isa = PBXFileReference; fileEncoding = 4; lastKnownFileType = sourcecode.swift; path = Random.swift; sourceTree = "<group>"; };
		108D294B24535B6A00743395 /* Lorem.swift */ = {isa = PBXFileReference; fileEncoding = 4; lastKnownFileType = sourcecode.swift; path = Lorem.swift; sourceTree = "<group>"; };
		108D294C24535B6A00743395 /* SampleData.swift */ = {isa = PBXFileReference; fileEncoding = 4; lastKnownFileType = sourcecode.swift; path = SampleData.swift; sourceTree = "<group>"; };
/* End PBXFileReference section */

/* Begin PBXFrameworksBuildPhase section */
		108D29272453589500743395 /* Frameworks */ = {
			isa = PBXFrameworksBuildPhase;
			buildActionMask = 2147483647;
			files = (
				108D294324535A5800743395 /* InputBarAccessoryView.framework in Frameworks */,
			);
			runOnlyForDeploymentPostprocessing = 0;
		};
/* End PBXFrameworksBuildPhase section */

/* Begin PBXGroup section */
		108D29212453589500743395 = {
			isa = PBXGroup;
			children = (
				108D292C2453589500743395 /* TBCPublisher */,
				108D292B2453589500743395 /* Products */,
				108D294124535A5800743395 /* Frameworks */,
			);
			sourceTree = "<group>";
		};
		108D292B2453589500743395 /* Products */ = {
			isa = PBXGroup;
			children = (
				108D292A2453589500743395 /* TBCPublisher.app */,
			);
			name = Products;
			sourceTree = "<group>";
		};
		108D292C2453589500743395 /* TBCPublisher */ = {
			isa = PBXGroup;
			children = (
				108D292D2453589500743395 /* AppDelegate.swift */,
				108D29312453589500743395 /* CommunityPublisherViewController.swift */,
				108D294724535B2A00743395 /* CommunityInputBar.swift */,
				108D29362453589600743395 /* Assets.xcassets */,
				108D29382453589600743395 /* LaunchScreen.storyboard */,
				108D293B2453589600743395 /* Info.plist */,
				108D294924535B6A00743395 /* Supporting Files */,
			);
			path = TBCPublisher;
			sourceTree = "<group>";
		};
		108D294124535A5800743395 /* Frameworks */ = {
			isa = PBXGroup;
			children = (
				108D294224535A5800743395 /* InputBarAccessoryView.framework */,
			);
			name = Frameworks;
			sourceTree = "<group>";
		};
		108D294924535B6A00743395 /* Supporting Files */ = {
			isa = PBXGroup;
			children = (
				108D294A24535B6A00743395 /* Random.swift */,
				108D294B24535B6A00743395 /* Lorem.swift */,
				108D294C24535B6A00743395 /* SampleData.swift */,
			);
			path = "Supporting Files";
			sourceTree = "<group>";
		};
/* End PBXGroup section */

/* Begin PBXNativeTarget section */
		108D29292453589500743395 /* TBCPublisher */ = {
			isa = PBXNativeTarget;
			buildConfigurationList = 108D293E2453589600743395 /* Build configuration list for PBXNativeTarget "TBCPublisher" */;
			buildPhases = (
				108D29262453589500743395 /* Sources */,
				108D29272453589500743395 /* Frameworks */,
				108D29282453589500743395 /* Resources */,
				108D294624535A6C00743395 /* Copy Carthage */,
			);
			buildRules = (
			);
			dependencies = (
			);
			name = TBCPublisher;
			productName = TBCPublisher;
			productReference = 108D292A2453589500743395 /* TBCPublisher.app */;
			productType = "com.apple.product-type.application";
		};
/* End PBXNativeTarget section */

/* Begin PBXProject section */
		108D29222453589500743395 /* Project object */ = {
			isa = PBXProject;
			attributes = {
				LastSwiftUpdateCheck = 1130;
				LastUpgradeCheck = 1130;
				ORGANIZATIONNAME = "Qingqing Liu";
				TargetAttributes = {
					108D29292453589500743395 = {
						CreatedOnToolsVersion = 11.3.1;
					};
				};
			};
			buildConfigurationList = 108D29252453589500743395 /* Build configuration list for PBXProject "TBCPublisher" */;
			compatibilityVersion = "Xcode 9.3";
			developmentRegion = en;
			hasScannedForEncodings = 0;
			knownRegions = (
				en,
				Base,
			);
			mainGroup = 108D29212453589500743395;
			productRefGroup = 108D292B2453589500743395 /* Products */;
			projectDirPath = "";
			projectRoot = "";
			targets = (
				108D29292453589500743395 /* TBCPublisher */,
			);
		};
/* End PBXProject section */

/* Begin PBXResourcesBuildPhase section */
		108D29282453589500743395 /* Resources */ = {
			isa = PBXResourcesBuildPhase;
			buildActionMask = 2147483647;
			files = (
				108D293A2453589600743395 /* LaunchScreen.storyboard in Resources */,
				108D29372453589600743395 /* Assets.xcassets in Resources */,
			);
			runOnlyForDeploymentPostprocessing = 0;
		};
/* End PBXResourcesBuildPhase section */

/* Begin PBXShellScriptBuildPhase section */
		108D294624535A6C00743395 /* Copy Carthage */ = {
			isa = PBXShellScriptBuildPhase;
			buildActionMask = 2147483647;
			files = (
			);
			inputFileListPaths = (
			);
			inputPaths = (
				"$(SRCROOT)/Carthage/Build/iOS/InputBarAccessoryView.framework",
			);
			name = "Copy Carthage";
			outputFileListPaths = (
			);
			outputPaths = (
				"$(BUILT_PRODUCTS_DIR)/$(FRAMEWORKS_FOLDER_PATH)/InputBarAccessoryView.framework",
			);
			runOnlyForDeploymentPostprocessing = 0;
			shellPath = /bin/sh;
			shellScript = "/usr/local/bin/carthage copy-frameworks\n";
		};
/* End PBXShellScriptBuildPhase section */

/* Begin PBXSourcesBuildPhase section */
		108D29262453589500743395 /* Sources */ = {
			isa = PBXSourcesBuildPhase;
			buildActionMask = 2147483647;
			files = (
				108D294824535B2A00743395 /* CommunityInputBar.swift in Sources */,
				108D294F24535B6A00743395 /* SampleData.swift in Sources */,
				108D294E24535B6A00743395 /* Lorem.swift in Sources */,
				108D29322453589500743395 /* CommunityPublisherViewController.swift in Sources */,
				108D294D24535B6A00743395 /* Random.swift in Sources */,
				108D292E2453589500743395 /* AppDelegate.swift in Sources */,
			);
			runOnlyForDeploymentPostprocessing = 0;
		};
/* End PBXSourcesBuildPhase section */

/* Begin PBXVariantGroup section */
		108D29382453589600743395 /* LaunchScreen.storyboard */ = {
			isa = PBXVariantGroup;
			children = (
				108D29392453589600743395 /* Base */,
			);
			name = LaunchScreen.storyboard;
			sourceTree = "<group>";
		};
/* End PBXVariantGroup section */

/* Begin XCBuildConfiguration section */
		108D293C2453589600743395 /* Debug */ = {
			isa = XCBuildConfiguration;
			buildSettings = {
				ALWAYS_SEARCH_USER_PATHS = NO;
				CLANG_ANALYZER_NONNULL = YES;
				CLANG_ANALYZER_NUMBER_OBJECT_CONVERSION = YES_AGGRESSIVE;
				CLANG_CXX_LANGUAGE_STANDARD = "gnu++14";
				CLANG_CXX_LIBRARY = "libc++";
				CLANG_ENABLE_MODULES = YES;
				CLANG_ENABLE_OBJC_ARC = YES;
				CLANG_ENABLE_OBJC_WEAK = YES;
				CLANG_WARN_BLOCK_CAPTURE_AUTORELEASING = YES;
				CLANG_WARN_BOOL_CONVERSION = YES;
				CLANG_WARN_COMMA = YES;
				CLANG_WARN_CONSTANT_CONVERSION = YES;
				CLANG_WARN_DEPRECATED_OBJC_IMPLEMENTATIONS = YES;
				CLANG_WARN_DIRECT_OBJC_ISA_USAGE = YES_ERROR;
				CLANG_WARN_DOCUMENTATION_COMMENTS = YES;
				CLANG_WARN_EMPTY_BODY = YES;
				CLANG_WARN_ENUM_CONVERSION = YES;
				CLANG_WARN_INFINITE_RECURSION = YES;
				CLANG_WARN_INT_CONVERSION = YES;
				CLANG_WARN_NON_LITERAL_NULL_CONVERSION = YES;
				CLANG_WARN_OBJC_IMPLICIT_RETAIN_SELF = YES;
				CLANG_WARN_OBJC_LITERAL_CONVERSION = YES;
				CLANG_WARN_OBJC_ROOT_CLASS = YES_ERROR;
				CLANG_WARN_RANGE_LOOP_ANALYSIS = YES;
				CLANG_WARN_STRICT_PROTOTYPES = YES;
				CLANG_WARN_SUSPICIOUS_MOVE = YES;
				CLANG_WARN_UNGUARDED_AVAILABILITY = YES_AGGRESSIVE;
				CLANG_WARN_UNREACHABLE_CODE = YES;
				CLANG_WARN__DUPLICATE_METHOD_MATCH = YES;
				COPY_PHASE_STRIP = NO;
				DEBUG_INFORMATION_FORMAT = dwarf;
				ENABLE_STRICT_OBJC_MSGSEND = YES;
				ENABLE_TESTABILITY = YES;
				GCC_C_LANGUAGE_STANDARD = gnu11;
				GCC_DYNAMIC_NO_PIC = NO;
				GCC_NO_COMMON_BLOCKS = YES;
				GCC_OPTIMIZATION_LEVEL = 0;
				GCC_PREPROCESSOR_DEFINITIONS = (
					"DEBUG=1",
					"$(inherited)",
				);
				GCC_WARN_64_TO_32_BIT_CONVERSION = YES;
				GCC_WARN_ABOUT_RETURN_TYPE = YES_ERROR;
				GCC_WARN_UNDECLARED_SELECTOR = YES;
				GCC_WARN_UNINITIALIZED_AUTOS = YES_AGGRESSIVE;
				GCC_WARN_UNUSED_FUNCTION = YES;
				GCC_WARN_UNUSED_VARIABLE = YES;
				IPHONEOS_DEPLOYMENT_TARGET = 13.2;
				MTL_ENABLE_DEBUG_INFO = INCLUDE_SOURCE;
				MTL_FAST_MATH = YES;
				ONLY_ACTIVE_ARCH = YES;
				SDKROOT = iphoneos;
				SWIFT_ACTIVE_COMPILATION_CONDITIONS = DEBUG;
				SWIFT_OPTIMIZATION_LEVEL = "-Onone";
			};
			name = Debug;
		};
		108D293D2453589600743395 /* Release */ = {
			isa = XCBuildConfiguration;
			buildSettings = {
				ALWAYS_SEARCH_USER_PATHS = NO;
				CLANG_ANALYZER_NONNULL = YES;
				CLANG_ANALYZER_NUMBER_OBJECT_CONVERSION = YES_AGGRESSIVE;
				CLANG_CXX_LANGUAGE_STANDARD = "gnu++14";
				CLANG_CXX_LIBRARY = "libc++";
				CLANG_ENABLE_MODULES = YES;
				CLANG_ENABLE_OBJC_ARC = YES;
				CLANG_ENABLE_OBJC_WEAK = YES;
				CLANG_WARN_BLOCK_CAPTURE_AUTORELEASING = YES;
				CLANG_WARN_BOOL_CONVERSION = YES;
				CLANG_WARN_COMMA = YES;
				CLANG_WARN_CONSTANT_CONVERSION = YES;
				CLANG_WARN_DEPRECATED_OBJC_IMPLEMENTATIONS = YES;
				CLANG_WARN_DIRECT_OBJC_ISA_USAGE = YES_ERROR;
				CLANG_WARN_DOCUMENTATION_COMMENTS = YES;
				CLANG_WARN_EMPTY_BODY = YES;
				CLANG_WARN_ENUM_CONVERSION = YES;
				CLANG_WARN_INFINITE_RECURSION = YES;
				CLANG_WARN_INT_CONVERSION = YES;
				CLANG_WARN_NON_LITERAL_NULL_CONVERSION = YES;
				CLANG_WARN_OBJC_IMPLICIT_RETAIN_SELF = YES;
				CLANG_WARN_OBJC_LITERAL_CONVERSION = YES;
				CLANG_WARN_OBJC_ROOT_CLASS = YES_ERROR;
				CLANG_WARN_RANGE_LOOP_ANALYSIS = YES;
				CLANG_WARN_STRICT_PROTOTYPES = YES;
				CLANG_WARN_SUSPICIOUS_MOVE = YES;
				CLANG_WARN_UNGUARDED_AVAILABILITY = YES_AGGRESSIVE;
				CLANG_WARN_UNREACHABLE_CODE = YES;
				CLANG_WARN__DUPLICATE_METHOD_MATCH = YES;
				COPY_PHASE_STRIP = NO;
				DEBUG_INFORMATION_FORMAT = "dwarf-with-dsym";
				ENABLE_NS_ASSERTIONS = NO;
				ENABLE_STRICT_OBJC_MSGSEND = YES;
				GCC_C_LANGUAGE_STANDARD = gnu11;
				GCC_NO_COMMON_BLOCKS = YES;
				GCC_WARN_64_TO_32_BIT_CONVERSION = YES;
				GCC_WARN_ABOUT_RETURN_TYPE = YES_ERROR;
				GCC_WARN_UNDECLARED_SELECTOR = YES;
				GCC_WARN_UNINITIALIZED_AUTOS = YES_AGGRESSIVE;
				GCC_WARN_UNUSED_FUNCTION = YES;
				GCC_WARN_UNUSED_VARIABLE = YES;
				IPHONEOS_DEPLOYMENT_TARGET = 13.2;
				MTL_ENABLE_DEBUG_INFO = NO;
				MTL_FAST_MATH = YES;
				SDKROOT = iphoneos;
				SWIFT_COMPILATION_MODE = wholemodule;
				SWIFT_OPTIMIZATION_LEVEL = "-O";
				VALIDATE_PRODUCT = YES;
			};
			name = Release;
		};
		108D293F2453589600743395 /* Debug */ = {
			isa = XCBuildConfiguration;
			buildSettings = {
				ASSETCATALOG_COMPILER_APPICON_NAME = AppIcon;
				CODE_SIGN_STYLE = Automatic;
				DEVELOPMENT_TEAM = NWHQHMD5MJ;
				FRAMEWORK_SEARCH_PATHS = (
					"$(inherited)",
					"$(PROJECT_DIR)/Carthage/Build/iOS",
				);
				INFOPLIST_FILE = TBCPublisher/Info.plist;
				LD_RUNPATH_SEARCH_PATHS = (
					"$(inherited)",
					"@executable_path/Frameworks",
				);
				PRODUCT_BUNDLE_IDENTIFIER = com.salesforce.tbc.TBCPublisher;
				PRODUCT_NAME = "$(TARGET_NAME)";
				SWIFT_VERSION = 5.0;
				TARGETED_DEVICE_FAMILY = "1,2";
			};
			name = Debug;
		};
		108D29402453589600743395 /* Release */ = {
			isa = XCBuildConfiguration;
			buildSettings = {
				ASSETCATALOG_COMPILER_APPICON_NAME = AppIcon;
				CODE_SIGN_STYLE = Automatic;
				DEVELOPMENT_TEAM = NWHQHMD5MJ;
				FRAMEWORK_SEARCH_PATHS = (
					"$(inherited)",
					"$(PROJECT_DIR)/Carthage/Build/iOS",
				);
				INFOPLIST_FILE = TBCPublisher/Info.plist;
				LD_RUNPATH_SEARCH_PATHS = (
					"$(inherited)",
					"@executable_path/Frameworks",
				);
				PRODUCT_BUNDLE_IDENTIFIER = com.salesforce.tbc.TBCPublisher;
				PRODUCT_NAME = "$(TARGET_NAME)";
				SWIFT_VERSION = 5.0;
				TARGETED_DEVICE_FAMILY = "1,2";
			};
			name = Release;
		};
/* End XCBuildConfiguration section */

/* Begin XCConfigurationList section */
		108D29252453589500743395 /* Build configuration list for PBXProject "TBCPublisher" */ = {
			isa = XCConfigurationList;
			buildConfigurations = (
				108D293C2453589600743395 /* Debug */,
				108D293D2453589600743395 /* Release */,
			);
			defaultConfigurationIsVisible = 0;
			defaultConfigurationName = Release;
		};
		108D293E2453589600743395 /* Build configuration list for PBXNativeTarget "TBCPublisher" */ = {
			isa = XCConfigurationList;
			buildConfigurations = (
				108D293F2453589600743395 /* Debug */,
				108D29402453589600743395 /* Release */,
			);
			defaultConfigurationIsVisible = 0;
			defaultConfigurationName = Release;
		};
/* End XCConfigurationList section */
	};
	rootObject = 108D29222453589500743395 /* Project object */;
}
